
Microsoft Visual Studio Solution File, Format Version 12.00
# Visual Studio 2013
VisualStudioVersion = 12.0.30219.0
MinimumVisualStudioVersion = 10.0.40219.1
Project("{FAE04EC0-301F-11D3-BF4B-00C04F79EFBC}") = "Todo-Sync.API", "Todo-Sync.API\Todo-Sync.API.csproj", "{BFBBC186-0AA5-494C-AD9E-84F03277A024}"
EndProject
Project("{FAE04EC0-301F-11D3-BF4B-00C04F79EFBC}") = "Todo-Sync.Core", "Todo-Sync.Core\Todo-Sync.Core.csproj", "{18D0342F-25F0-4DD7-825C-7D19B9C4755C}"
EndProject
Project("{FAE04EC0-301F-11D3-BF4B-00C04F79EFBC}") = "Todo-Sync.Droid", "Todo-Sync.Droid\Todo-Sync.Droid.csproj", "{94500E71-8073-4B59-8F61-1A893BCEFBA1}"
EndProject
Project("{FAE04EC0-301F-11D3-BF4B-00C04F79EFBC}") = "Todo-Sync.iOS", "Todo-Sync.iOS\Todo-Sync.iOS.csproj", "{F37DC9BC-00F1-4FB2-A729-00F6BE1FFFE3}"
EndProject
Project("{FAE04EC0-301F-11D3-BF4B-00C04F79EFBC}") = "Todo-Sync.WindowsPhone", "Todo-Sync.WindowsPhone\Todo-Sync.WindowsPhone.csproj", "{B1E91A15-43C1-43C9-91EC-29AEC2B70DBC}"
EndProject
Global
	GlobalSection(SolutionConfigurationPlatforms) = preSolution
		Ad-Hoc|Any CPU = Ad-Hoc|Any CPU
		Ad-Hoc|ARM = Ad-Hoc|ARM
		Ad-Hoc|iPhone = Ad-Hoc|iPhone
		Ad-Hoc|iPhoneSimulator = Ad-Hoc|iPhoneSimulator
		Ad-Hoc|Mixed Platforms = Ad-Hoc|Mixed Platforms
		Ad-Hoc|x86 = Ad-Hoc|x86
		AppStore|Any CPU = AppStore|Any CPU
		AppStore|ARM = AppStore|ARM
		AppStore|iPhone = AppStore|iPhone
		AppStore|iPhoneSimulator = AppStore|iPhoneSimulator
		AppStore|Mixed Platforms = AppStore|Mixed Platforms
		AppStore|x86 = AppStore|x86
		Debug|Any CPU = Debug|Any CPU
		Debug|ARM = Debug|ARM
		Debug|iPhone = Debug|iPhone
		Debug|iPhoneSimulator = Debug|iPhoneSimulator
		Debug|Mixed Platforms = Debug|Mixed Platforms
		Debug|x86 = Debug|x86
		Release|Any CPU = Release|Any CPU
		Release|ARM = Release|ARM
		Release|iPhone = Release|iPhone
		Release|iPhoneSimulator = Release|iPhoneSimulator
		Release|Mixed Platforms = Release|Mixed Platforms
		Release|x86 = Release|x86
	EndGlobalSection
	GlobalSection(ProjectConfigurationPlatforms) = postSolution
		{BFBBC186-0AA5-494C-AD9E-84F03277A024}.Ad-Hoc|Any CPU.ActiveCfg = Release|Any CPU
		{BFBBC186-0AA5-494C-AD9E-84F03277A024}.Ad-Hoc|Any CPU.Build.0 = Release|Any CPU
		{BFBBC186-0AA5-494C-AD9E-84F03277A024}.Ad-Hoc|ARM.ActiveCfg = Release|Any CPU
		{BFBBC186-0AA5-494C-AD9E-84F03277A024}.Ad-Hoc|iPhone.ActiveCfg = Release|Any CPU
		{BFBBC186-0AA5-494C-AD9E-84F03277A024}.Ad-Hoc|iPhoneSimulator.ActiveCfg = Release|Any CPU
		{BFBBC186-0AA5-494C-AD9E-84F03277A024}.Ad-Hoc|Mixed Platforms.ActiveCfg = Release|Any CPU
		{BFBBC186-0AA5-494C-AD9E-84F03277A024}.Ad-Hoc|Mixed Platforms.Build.0 = Release|Any CPU
		{BFBBC186-0AA5-494C-AD9E-84F03277A024}.Ad-Hoc|x86.ActiveCfg = Release|Any CPU
		{BFBBC186-0AA5-494C-AD9E-84F03277A024}.AppStore|Any CPU.ActiveCfg = Release|Any CPU
		{BFBBC186-0AA5-494C-AD9E-84F03277A024}.AppStore|Any CPU.Build.0 = Release|Any CPU
		{BFBBC186-0AA5-494C-AD9E-84F03277A024}.AppStore|ARM.ActiveCfg = Release|Any CPU
		{BFBBC186-0AA5-494C-AD9E-84F03277A024}.AppStore|iPhone.ActiveCfg = Release|Any CPU
		{BFBBC186-0AA5-494C-AD9E-84F03277A024}.AppStore|iPhoneSimulator.ActiveCfg = Release|Any CPU
		{BFBBC186-0AA5-494C-AD9E-84F03277A024}.AppStore|Mixed Platforms.ActiveCfg = Release|Any CPU
		{BFBBC186-0AA5-494C-AD9E-84F03277A024}.AppStore|Mixed Platforms.Build.0 = Release|Any CPU
		{BFBBC186-0AA5-494C-AD9E-84F03277A024}.AppStore|x86.ActiveCfg = Release|Any CPU
		{BFBBC186-0AA5-494C-AD9E-84F03277A024}.Debug|Any CPU.ActiveCfg = Debug|Any CPU
		{BFBBC186-0AA5-494C-AD9E-84F03277A024}.Debug|Any CPU.Build.0 = Debug|Any CPU
		{BFBBC186-0AA5-494C-AD9E-84F03277A024}.Debug|ARM.ActiveCfg = Debug|Any CPU
		{BFBBC186-0AA5-494C-AD9E-84F03277A024}.Debug|iPhone.ActiveCfg = Debug|Any CPU
		{BFBBC186-0AA5-494C-AD9E-84F03277A024}.Debug|iPhoneSimulator.ActiveCfg = Debug|Any CPU
		{BFBBC186-0AA5-494C-AD9E-84F03277A024}.Debug|Mixed Platforms.ActiveCfg = Debug|Any CPU
		{BFBBC186-0AA5-494C-AD9E-84F03277A024}.Debug|Mixed Platforms.Build.0 = Debug|Any CPU
		{BFBBC186-0AA5-494C-AD9E-84F03277A024}.Debug|x86.ActiveCfg = Debug|Any CPU
		{BFBBC186-0AA5-494C-AD9E-84F03277A024}.Release|Any CPU.ActiveCfg = Release|Any CPU
		{BFBBC186-0AA5-494C-AD9E-84F03277A024}.Release|Any CPU.Build.0 = Release|Any CPU
		{BFBBC186-0AA5-494C-AD9E-84F03277A024}.Release|ARM.ActiveCfg = Release|Any CPU
		{BFBBC186-0AA5-494C-AD9E-84F03277A024}.Release|iPhone.ActiveCfg = Release|Any CPU
		{BFBBC186-0AA5-494C-AD9E-84F03277A024}.Release|iPhoneSimulator.ActiveCfg = Release|Any CPU
		{BFBBC186-0AA5-494C-AD9E-84F03277A024}.Release|Mixed Platforms.ActiveCfg = Release|Any CPU
		{BFBBC186-0AA5-494C-AD9E-84F03277A024}.Release|Mixed Platforms.Build.0 = Release|Any CPU
		{BFBBC186-0AA5-494C-AD9E-84F03277A024}.Release|x86.ActiveCfg = Release|Any CPU
		{18D0342F-25F0-4DD7-825C-7D19B9C4755C}.Ad-Hoc|Any CPU.ActiveCfg = Release|Any CPU
		{18D0342F-25F0-4DD7-825C-7D19B9C4755C}.Ad-Hoc|Any CPU.Build.0 = Release|Any CPU
		{18D0342F-25F0-4DD7-825C-7D19B9C4755C}.Ad-Hoc|ARM.ActiveCfg = Release|Any CPU
		{18D0342F-25F0-4DD7-825C-7D19B9C4755C}.Ad-Hoc|iPhone.ActiveCfg = Release|Any CPU
		{18D0342F-25F0-4DD7-825C-7D19B9C4755C}.Ad-Hoc|iPhoneSimulator.ActiveCfg = Release|Any CPU
		{18D0342F-25F0-4DD7-825C-7D19B9C4755C}.Ad-Hoc|Mixed Platforms.ActiveCfg = Release|Any CPU
		{18D0342F-25F0-4DD7-825C-7D19B9C4755C}.Ad-Hoc|Mixed Platforms.Build.0 = Release|Any CPU
		{18D0342F-25F0-4DD7-825C-7D19B9C4755C}.Ad-Hoc|x86.ActiveCfg = Release|Any CPU
		{18D0342F-25F0-4DD7-825C-7D19B9C4755C}.AppStore|Any CPU.ActiveCfg = Release|Any CPU
		{18D0342F-25F0-4DD7-825C-7D19B9C4755C}.AppStore|Any CPU.Build.0 = Release|Any CPU
		{18D0342F-25F0-4DD7-825C-7D19B9C4755C}.AppStore|ARM.ActiveCfg = Release|Any CPU
		{18D0342F-25F0-4DD7-825C-7D19B9C4755C}.AppStore|iPhone.ActiveCfg = Release|Any CPU
		{18D0342F-25F0-4DD7-825C-7D19B9C4755C}.AppStore|iPhoneSimulator.ActiveCfg = Release|Any CPU
		{18D0342F-25F0-4DD7-825C-7D19B9C4755C}.AppStore|Mixed Platforms.ActiveCfg = Release|Any CPU
		{18D0342F-25F0-4DD7-825C-7D19B9C4755C}.AppStore|Mixed Platforms.Build.0 = Release|Any CPU
		{18D0342F-25F0-4DD7-825C-7D19B9C4755C}.AppStore|x86.ActiveCfg = Release|Any CPU
		{18D0342F-25F0-4DD7-825C-7D19B9C4755C}.Debug|Any CPU.ActiveCfg = Debug|Any CPU
		{18D0342F-25F0-4DD7-825C-7D19B9C4755C}.Debug|Any CPU.Build.0 = Debug|Any CPU
		{18D0342F-25F0-4DD7-825C-7D19B9C4755C}.Debug|ARM.ActiveCfg = Debug|Any CPU
		{18D0342F-25F0-4DD7-825C-7D19B9C4755C}.Debug|iPhone.ActiveCfg = Debug|Any CPU
		{18D0342F-25F0-4DD7-825C-7D19B9C4755C}.Debug|iPhoneSimulator.ActiveCfg = Debug|Any CPU
		{18D0342F-25F0-4DD7-825C-7D19B9C4755C}.Debug|Mixed Platforms.ActiveCfg = Debug|Any CPU
		{18D0342F-25F0-4DD7-825C-7D19B9C4755C}.Debug|Mixed Platforms.Build.0 = Debug|Any CPU
		{18D0342F-25F0-4DD7-825C-7D19B9C4755C}.Debug|x86.ActiveCfg = Debug|Any CPU
		{18D0342F-25F0-4DD7-825C-7D19B9C4755C}.Release|Any CPU.ActiveCfg = Release|Any CPU
		{18D0342F-25F0-4DD7-825C-7D19B9C4755C}.Release|Any CPU.Build.0 = Release|Any CPU
		{18D0342F-25F0-4DD7-825C-7D19B9C4755C}.Release|ARM.ActiveCfg = Release|Any CPU
		{18D0342F-25F0-4DD7-825C-7D19B9C4755C}.Release|iPhone.ActiveCfg = Release|Any CPU
		{18D0342F-25F0-4DD7-825C-7D19B9C4755C}.Release|iPhoneSimulator.ActiveCfg = Release|Any CPU
		{18D0342F-25F0-4DD7-825C-7D19B9C4755C}.Release|Mixed Platforms.ActiveCfg = Release|Any CPU
		{18D0342F-25F0-4DD7-825C-7D19B9C4755C}.Release|Mixed Platforms.Build.0 = Release|Any CPU
		{18D0342F-25F0-4DD7-825C-7D19B9C4755C}.Release|x86.ActiveCfg = Release|Any CPU
		{94500E71-8073-4B59-8F61-1A893BCEFBA1}.Ad-Hoc|Any CPU.ActiveCfg = Release|Any CPU
		{94500E71-8073-4B59-8F61-1A893BCEFBA1}.Ad-Hoc|Any CPU.Build.0 = Release|Any CPU
		{94500E71-8073-4B59-8F61-1A893BCEFBA1}.Ad-Hoc|Any CPU.Deploy.0 = Release|Any CPU
		{94500E71-8073-4B59-8F61-1A893BCEFBA1}.Ad-Hoc|ARM.ActiveCfg = Release|Any CPU
		{94500E71-8073-4B59-8F61-1A893BCEFBA1}.Ad-Hoc|iPhone.ActiveCfg = Release|Any CPU
		{94500E71-8073-4B59-8F61-1A893BCEFBA1}.Ad-Hoc|iPhoneSimulator.ActiveCfg = Release|Any CPU
		{94500E71-8073-4B59-8F61-1A893BCEFBA1}.Ad-Hoc|Mixed Platforms.ActiveCfg = Release|Any CPU
		{94500E71-8073-4B59-8F61-1A893BCEFBA1}.Ad-Hoc|Mixed Platforms.Build.0 = Release|Any CPU
		{94500E71-8073-4B59-8F61-1A893BCEFBA1}.Ad-Hoc|Mixed Platforms.Deploy.0 = Release|Any CPU
		{94500E71-8073-4B59-8F61-1A893BCEFBA1}.Ad-Hoc|x86.ActiveCfg = Release|Any CPU
		{94500E71-8073-4B59-8F61-1A893BCEFBA1}.AppStore|Any CPU.ActiveCfg = Release|Any CPU
		{94500E71-8073-4B59-8F61-1A893BCEFBA1}.AppStore|Any CPU.Build.0 = Release|Any CPU
		{94500E71-8073-4B59-8F61-1A893BCEFBA1}.AppStore|Any CPU.Deploy.0 = Release|Any CPU
		{94500E71-8073-4B59-8F61-1A893BCEFBA1}.AppStore|ARM.ActiveCfg = Release|Any CPU
		{94500E71-8073-4B59-8F61-1A893BCEFBA1}.AppStore|iPhone.ActiveCfg = Release|Any CPU
		{94500E71-8073-4B59-8F61-1A893BCEFBA1}.AppStore|iPhoneSimulator.ActiveCfg = Release|Any CPU
		{94500E71-8073-4B59-8F61-1A893BCEFBA1}.AppStore|Mixed Platforms.ActiveCfg = Release|Any CPU
		{94500E71-8073-4B59-8F61-1A893BCEFBA1}.AppStore|Mixed Platforms.Build.0 = Release|Any CPU
		{94500E71-8073-4B59-8F61-1A893BCEFBA1}.AppStore|Mixed Platforms.Deploy.0 = Release|Any CPU
		{94500E71-8073-4B59-8F61-1A893BCEFBA1}.AppStore|x86.ActiveCfg = Release|Any CPU
		{94500E71-8073-4B59-8F61-1A893BCEFBA1}.Debug|Any CPU.ActiveCfg = Debug|Any CPU
		{94500E71-8073-4B59-8F61-1A893BCEFBA1}.Debug|Any CPU.Build.0 = Debug|Any CPU
		{94500E71-8073-4B59-8F61-1A893BCEFBA1}.Debug|Any CPU.Deploy.0 = Debug|Any CPU
		{94500E71-8073-4B59-8F61-1A893BCEFBA1}.Debug|ARM.ActiveCfg = Debug|Any CPU
		{94500E71-8073-4B59-8F61-1A893BCEFBA1}.Debug|iPhone.ActiveCfg = Debug|Any CPU
		{94500E71-8073-4B59-8F61-1A893BCEFBA1}.Debug|iPhoneSimulator.ActiveCfg = Debug|Any CPU
		{94500E71-8073-4B59-8F61-1A893BCEFBA1}.Debug|Mixed Platforms.ActiveCfg = Debug|Any CPU
		{94500E71-8073-4B59-8F61-1A893BCEFBA1}.Debug|Mixed Platforms.Build.0 = Debug|Any CPU
		{94500E71-8073-4B59-8F61-1A893BCEFBA1}.Debug|Mixed Platforms.Deploy.0 = Debug|Any CPU
		{94500E71-8073-4B59-8F61-1A893BCEFBA1}.Debug|x86.ActiveCfg = Debug|Any CPU
		{94500E71-8073-4B59-8F61-1A893BCEFBA1}.Release|Any CPU.ActiveCfg = Release|Any CPU
		{94500E71-8073-4B59-8F61-1A893BCEFBA1}.Release|Any CPU.Build.0 = Release|Any CPU
		{94500E71-8073-4B59-8F61-1A893BCEFBA1}.Release|Any CPU.Deploy.0 = Release|Any CPU
		{94500E71-8073-4B59-8F61-1A893BCEFBA1}.Release|ARM.ActiveCfg = Release|Any CPU
		{94500E71-8073-4B59-8F61-1A893BCEFBA1}.Release|iPhone.ActiveCfg = Release|Any CPU
		{94500E71-8073-4B59-8F61-1A893BCEFBA1}.Release|iPhoneSimulator.ActiveCfg = Release|Any CPU
		{94500E71-8073-4B59-8F61-1A893BCEFBA1}.Release|Mixed Platforms.ActiveCfg = Release|Any CPU
		{94500E71-8073-4B59-8F61-1A893BCEFBA1}.Release|Mixed Platforms.Build.0 = Release|Any CPU
		{94500E71-8073-4B59-8F61-1A893BCEFBA1}.Release|Mixed Platforms.Deploy.0 = Release|Any CPU
		{94500E71-8073-4B59-8F61-1A893BCEFBA1}.Release|x86.ActiveCfg = Release|Any CPU
		{F37DC9BC-00F1-4FB2-A729-00F6BE1FFFE3}.Ad-Hoc|Any CPU.ActiveCfg = Ad-Hoc|iPhone
		{F37DC9BC-00F1-4FB2-A729-00F6BE1FFFE3}.Ad-Hoc|ARM.ActiveCfg = Ad-Hoc|iPhone
		{F37DC9BC-00F1-4FB2-A729-00F6BE1FFFE3}.Ad-Hoc|iPhone.ActiveCfg = Ad-Hoc|iPhone
		{F37DC9BC-00F1-4FB2-A729-00F6BE1FFFE3}.Ad-Hoc|iPhone.Build.0 = Ad-Hoc|iPhone
		{F37DC9BC-00F1-4FB2-A729-00F6BE1FFFE3}.Ad-Hoc|iPhone.Deploy.0 = Ad-Hoc|iPhone
		{F37DC9BC-00F1-4FB2-A729-00F6BE1FFFE3}.Ad-Hoc|iPhoneSimulator.ActiveCfg = Ad-Hoc|iPhoneSimulator
		{F37DC9BC-00F1-4FB2-A729-00F6BE1FFFE3}.Ad-Hoc|iPhoneSimulator.Build.0 = Ad-Hoc|iPhoneSimulator
		{F37DC9BC-00F1-4FB2-A729-00F6BE1FFFE3}.Ad-Hoc|iPhoneSimulator.Deploy.0 = Ad-Hoc|iPhoneSimulator
		{F37DC9BC-00F1-4FB2-A729-00F6BE1FFFE3}.Ad-Hoc|Mixed Platforms.ActiveCfg = Ad-Hoc|iPhone
		{F37DC9BC-00F1-4FB2-A729-00F6BE1FFFE3}.Ad-Hoc|Mixed Platforms.Build.0 = Ad-Hoc|iPhone
		{F37DC9BC-00F1-4FB2-A729-00F6BE1FFFE3}.Ad-Hoc|Mixed Platforms.Deploy.0 = Ad-Hoc|iPhone
		{F37DC9BC-00F1-4FB2-A729-00F6BE1FFFE3}.Ad-Hoc|x86.ActiveCfg = Ad-Hoc|iPhone
		{F37DC9BC-00F1-4FB2-A729-00F6BE1FFFE3}.AppStore|Any CPU.ActiveCfg = AppStore|iPhone
		{F37DC9BC-00F1-4FB2-A729-00F6BE1FFFE3}.AppStore|ARM.ActiveCfg = AppStore|iPhone
		{F37DC9BC-00F1-4FB2-A729-00F6BE1FFFE3}.AppStore|iPhone.ActiveCfg = AppStore|iPhone
		{F37DC9BC-00F1-4FB2-A729-00F6BE1FFFE3}.AppStore|iPhone.Build.0 = AppStore|iPhone
		{F37DC9BC-00F1-4FB2-A729-00F6BE1FFFE3}.AppStore|iPhone.Deploy.0 = AppStore|iPhone
		{F37DC9BC-00F1-4FB2-A729-00F6BE1FFFE3}.AppStore|iPhoneSimulator.ActiveCfg = AppStore|iPhoneSimulator
		{F37DC9BC-00F1-4FB2-A729-00F6BE1FFFE3}.AppStore|iPhoneSimulator.Build.0 = AppStore|iPhoneSimulator
		{F37DC9BC-00F1-4FB2-A729-00F6BE1FFFE3}.AppStore|iPhoneSimulator.Deploy.0 = AppStore|iPhoneSimulator
		{F37DC9BC-00F1-4FB2-A729-00F6BE1FFFE3}.AppStore|Mixed Platforms.ActiveCfg = AppStore|iPhone
		{F37DC9BC-00F1-4FB2-A729-00F6BE1FFFE3}.AppStore|Mixed Platforms.Build.0 = AppStore|iPhone
		{F37DC9BC-00F1-4FB2-A729-00F6BE1FFFE3}.AppStore|Mixed Platforms.Deploy.0 = AppStore|iPhone
		{F37DC9BC-00F1-4FB2-A729-00F6BE1FFFE3}.AppStore|x86.ActiveCfg = AppStore|iPhone
		{F37DC9BC-00F1-4FB2-A729-00F6BE1FFFE3}.Debug|Any CPU.ActiveCfg = Debug|iPhone
		{F37DC9BC-00F1-4FB2-A729-00F6BE1FFFE3}.Debug|ARM.ActiveCfg = Debug|iPhone
		{F37DC9BC-00F1-4FB2-A729-00F6BE1FFFE3}.Debug|iPhone.ActiveCfg = Debug|iPhone
		{F37DC9BC-00F1-4FB2-A729-00F6BE1FFFE3}.Debug|iPhone.Build.0 = Debug|iPhone
		{F37DC9BC-00F1-4FB2-A729-00F6BE1FFFE3}.Debug|iPhone.Deploy.0 = Debug|iPhone
		{F37DC9BC-00F1-4FB2-A729-00F6BE1FFFE3}.Debug|iPhoneSimulator.ActiveCfg = Debug|iPhoneSimulator
		{F37DC9BC-00F1-4FB2-A729-00F6BE1FFFE3}.Debug|iPhoneSimulator.Build.0 = Debug|iPhoneSimulator
		{F37DC9BC-00F1-4FB2-A729-00F6BE1FFFE3}.Debug|iPhoneSimulator.Deploy.0 = Debug|iPhoneSimulator
		{F37DC9BC-00F1-4FB2-A729-00F6BE1FFFE3}.Debug|Mixed Platforms.ActiveCfg = Debug|iPhone
		{F37DC9BC-00F1-4FB2-A729-00F6BE1FFFE3}.Debug|Mixed Platforms.Build.0 = Debug|iPhone
		{F37DC9BC-00F1-4FB2-A729-00F6BE1FFFE3}.Debug|Mixed Platforms.Deploy.0 = Debug|iPhone
		{F37DC9BC-00F1-4FB2-A729-00F6BE1FFFE3}.Debug|x86.ActiveCfg = Debug|iPhone
		{F37DC9BC-00F1-4FB2-A729-00F6BE1FFFE3}.Release|Any CPU.ActiveCfg = Release|iPhone
		{F37DC9BC-00F1-4FB2-A729-00F6BE1FFFE3}.Release|ARM.ActiveCfg = Release|iPhone
		{F37DC9BC-00F1-4FB2-A729-00F6BE1FFFE3}.Release|iPhone.ActiveCfg = Release|iPhone
		{F37DC9BC-00F1-4FB2-A729-00F6BE1FFFE3}.Release|iPhone.Build.0 = Release|iPhone
		{F37DC9BC-00F1-4FB2-A729-00F6BE1FFFE3}.Release|iPhone.Deploy.0 = Release|iPhone
		{F37DC9BC-00F1-4FB2-A729-00F6BE1FFFE3}.Release|iPhoneSimulator.ActiveCfg = Release|iPhoneSimulator
		{F37DC9BC-00F1-4FB2-A729-00F6BE1FFFE3}.Release|iPhoneSimulator.Build.0 = Release|iPhoneSimulator
		{F37DC9BC-00F1-4FB2-A729-00F6BE1FFFE3}.Release|iPhoneSimulator.Deploy.0 = Release|iPhoneSimulator
		{F37DC9BC-00F1-4FB2-A729-00F6BE1FFFE3}.Release|Mixed Platforms.ActiveCfg = Release|iPhone
		{F37DC9BC-00F1-4FB2-A729-00F6BE1FFFE3}.Release|Mixed Platforms.Build.0 = Release|iPhone
		{F37DC9BC-00F1-4FB2-A729-00F6BE1FFFE3}.Release|Mixed Platforms.Deploy.0 = Release|iPhone
		{F37DC9BC-00F1-4FB2-A729-00F6BE1FFFE3}.Release|x86.ActiveCfg = Release|iPhone
		{B1E91A15-43C1-43C9-91EC-29AEC2B70DBC}.Ad-Hoc|Any CPU.ActiveCfg = Release|Any CPU
		{B1E91A15-43C1-43C9-91EC-29AEC2B70DBC}.Ad-Hoc|Any CPU.Build.0 = Release|Any CPU
		{B1E91A15-43C1-43C9-91EC-29AEC2B70DBC}.Ad-Hoc|Any CPU.Deploy.0 = Release|Any CPU
		{B1E91A15-43C1-43C9-91EC-29AEC2B70DBC}.Ad-Hoc|ARM.ActiveCfg = Release|ARM
		{B1E91A15-43C1-43C9-91EC-29AEC2B70DBC}.Ad-Hoc|ARM.Build.0 = Release|ARM
		{B1E91A15-43C1-43C9-91EC-29AEC2B70DBC}.Ad-Hoc|ARM.Deploy.0 = Release|ARM
		{B1E91A15-43C1-43C9-91EC-29AEC2B70DBC}.Ad-Hoc|iPhone.ActiveCfg = Release|Any CPU
		{B1E91A15-43C1-43C9-91EC-29AEC2B70DBC}.Ad-Hoc|iPhoneSimulator.ActiveCfg = Release|Any CPU
		{B1E91A15-43C1-43C9-91EC-29AEC2B70DBC}.Ad-Hoc|Mixed Platforms.ActiveCfg = Release|x86
		{B1E91A15-43C1-43C9-91EC-29AEC2B70DBC}.Ad-Hoc|Mixed Platforms.Build.0 = Release|x86
		{B1E91A15-43C1-43C9-91EC-29AEC2B70DBC}.Ad-Hoc|Mixed Platforms.Deploy.0 = Release|x86
		{B1E91A15-43C1-43C9-91EC-29AEC2B70DBC}.Ad-Hoc|x86.ActiveCfg = Release|x86
		{B1E91A15-43C1-43C9-91EC-29AEC2B70DBC}.Ad-Hoc|x86.Build.0 = Release|x86
		{B1E91A15-43C1-43C9-91EC-29AEC2B70DBC}.Ad-Hoc|x86.Deploy.0 = Release|x86
		{B1E91A15-43C1-43C9-91EC-29AEC2B70DBC}.AppStore|Any CPU.ActiveCfg = Release|Any CPU
		{B1E91A15-43C1-43C9-91EC-29AEC2B70DBC}.AppStore|Any CPU.Build.0 = Release|Any CPU
		{B1E91A15-43C1-43C9-91EC-29AEC2B70DBC}.AppStore|Any CPU.Deploy.0 = Release|Any CPU
		{B1E91A15-43C1-43C9-91EC-29AEC2B70DBC}.AppStore|ARM.ActiveCfg = Release|ARM
		{B1E91A15-43C1-43C9-91EC-29AEC2B70DBC}.AppStore|ARM.Build.0 = Release|ARM
		{B1E91A15-43C1-43C9-91EC-29AEC2B70DBC}.AppStore|ARM.Deploy.0 = Release|ARM
		{B1E91A15-43C1-43C9-91EC-29AEC2B70DBC}.AppStore|iPhone.ActiveCfg = Release|Any CPU
		{B1E91A15-43C1-43C9-91EC-29AEC2B70DBC}.AppStore|iPhoneSimulator.ActiveCfg = Release|Any CPU
		{B1E91A15-43C1-43C9-91EC-29AEC2B70DBC}.AppStore|Mixed Platforms.ActiveCfg = Release|x86
		{B1E91A15-43C1-43C9-91EC-29AEC2B70DBC}.AppStore|Mixed Platforms.Build.0 = Release|x86
		{B1E91A15-43C1-43C9-91EC-29AEC2B70DBC}.AppStore|Mixed Platforms.Deploy.0 = Release|x86
		{B1E91A15-43C1-43C9-91EC-29AEC2B70DBC}.AppStore|x86.ActiveCfg = Release|x86
		{B1E91A15-43C1-43C9-91EC-29AEC2B70DBC}.AppStore|x86.Build.0 = Release|x86
		{B1E91A15-43C1-43C9-91EC-29AEC2B70DBC}.AppStore|x86.Deploy.0 = Release|x86
		{B1E91A15-43C1-43C9-91EC-29AEC2B70DBC}.Debug|Any CPU.ActiveCfg = Debug|Any CPU
		{B1E91A15-43C1-43C9-91EC-29AEC2B70DBC}.Debug|Any CPU.Build.0 = Debug|Any CPU
		{B1E91A15-43C1-43C9-91EC-29AEC2B70DBC}.Debug|Any CPU.Deploy.0 = Debug|Any CPU
		{B1E91A15-43C1-43C9-91EC-29AEC2B70DBC}.Debug|ARM.ActiveCfg = Debug|ARM
		{B1E91A15-43C1-43C9-91EC-29AEC2B70DBC}.Debug|ARM.Build.0 = Debug|ARM
		{B1E91A15-43C1-43C9-91EC-29AEC2B70DBC}.Debug|ARM.Deploy.0 = Debug|ARM
		{B1E91A15-43C1-43C9-91EC-29AEC2B70DBC}.Debug|iPhone.ActiveCfg = Debug|Any CPU
		{B1E91A15-43C1-43C9-91EC-29AEC2B70DBC}.Debug|iPhoneSimulator.ActiveCfg = Debug|Any CPU
		{B1E91A15-43C1-43C9-91EC-29AEC2B70DBC}.Debug|Mixed Platforms.ActiveCfg = Debug|x86
		{B1E91A15-43C1-43C9-91EC-29AEC2B70DBC}.Debug|Mixed Platforms.Build.0 = Debug|x86
		{B1E91A15-43C1-43C9-91EC-29AEC2B70DBC}.Debug|Mixed Platforms.Deploy.0 = Debug|x86
		{B1E91A15-43C1-43C9-91EC-29AEC2B70DBC}.Debug|x86.ActiveCfg = Debug|x86
		{B1E91A15-43C1-43C9-91EC-29AEC2B70DBC}.Debug|x86.Build.0 = Debug|x86
		{B1E91A15-43C1-43C9-91EC-29AEC2B70DBC}.Debug|x86.Deploy.0 = Debug|x86
		{B1E91A15-43C1-43C9-91EC-29AEC2B70DBC}.Release|Any CPU.ActiveCfg = Release|Any CPU
		{B1E91A15-43C1-43C9-91EC-29AEC2B70DBC}.Release|Any CPU.Build.0 = Release|Any CPU
		{B1E91A15-43C1-43C9-91EC-29AEC2B70DBC}.Release|Any CPU.Deploy.0 = Release|Any CPU
		{B1E91A15-43C1-43C9-91EC-29AEC2B70DBC}.Release|ARM.ActiveCfg = Release|ARM
		{B1E91A15-43C1-43C9-91EC-29AEC2B70DBC}.Release|ARM.Build.0 = Release|ARM
		{B1E91A15-43C1-43C9-91EC-29AEC2B70DBC}.Release|ARM.Deploy.0 = Release|ARM
		{B1E91A15-43C1-43C9-91EC-29AEC2B70DBC}.Release|iPhone.ActiveCfg = Release|Any CPU
		{B1E91A15-43C1-43C9-91EC-29AEC2B70DBC}.Release|iPhoneSimulator.ActiveCfg = Release|Any CPU
		{B1E91A15-43C1-43C9-91EC-29AEC2B70DBC}.Release|Mixed Platforms.ActiveCfg = Release|x86
		{B1E91A15-43C1-43C9-91EC-29AEC2B70DBC}.Release|Mixed Platforms.Build.0 = Release|x86
		{B1E91A15-43C1-43C9-91EC-29AEC2B70DBC}.Release|Mixed Platforms.Deploy.0 = Release|x86
		{B1E91A15-43C1-43C9-91EC-29AEC2B70DBC}.Release|x86.ActiveCfg = Release|x86
		{B1E91A15-43C1-43C9-91EC-29AEC2B70DBC}.Release|x86.Build.0 = Release|x86
		{B1E91A15-43C1-43C9-91EC-29AEC2B70DBC}.Release|x86.Deploy.0 = Release|x86
	EndGlobalSection
	GlobalSection(SolutionProperties) = preSolution
		HideSolutionNode = FALSE
	EndGlobalSection
EndGlobal
